
Microsoft Visual Studio Solution File, Format Version 12.00
# Visual Studio Version 17
VisualStudioVersion = 17.7.34003.232
MinimumVisualStudioVersion = 10.0.40219.1
Project("{2150E333-8FDC-42A3-9474-1A3956D46DE8}") = "AppData", "AppData", "{0689EA07-9C19-46A4-9C58-22D9B436B52E}"
EndProject
Project("{2150E333-8FDC-42A3-9474-1A3956D46DE8}") = "Contracts", "Contracts", "{A646C4FD-FC30-4E02-9CC0-AFEDD5A57B4B}"
EndProject
Project("{2150E333-8FDC-42A3-9474-1A3956D46DE8}") = "Domain", "Domain", "{E54BFEB8-F35F-45B0-A042-CBE2FA87FC76}"
EndProject
Project("{2150E333-8FDC-42A3-9474-1A3956D46DE8}") = "Infrastructure", "Infrastructure", "{0FD6FF67-814A-4AF8-BAC6-88C59DE52735}"
EndProject
Project("{2150E333-8FDC-42A3-9474-1A3956D46DE8}") = "Host", "Host", "{DA9406CC-1603-4211-8FFE-ED067D859AE8}"
EndProject
Project("{2150E333-8FDC-42A3-9474-1A3956D46DE8}") = "WebApi", "WebApi", "{8EC61184-35BF-4C5C-97A9-58706C442F18}"
EndProject
Project("{2150E333-8FDC-42A3-9474-1A3956D46DE8}") = "Migrator", "Migrator", "{FEC53C3B-FBB5-4971-AB9D-368689AAEDB3}"
EndProject
Project("{9A19103F-16F7-4668-BE54-9A1E7A4F7556}") = "MusicShop.Domain", "MusicShop.Domain\MusicShop.Domain.csproj", "{B6D19C56-88D7-459A-B161-B165B468C664}"
EndProject
Project("{9A19103F-16F7-4668-BE54-9A1E7A4F7556}") = "MusicShop.Contracts", "MusicShop.Contracts\MusicShop.Contracts.csproj", "{10922DAB-9C6C-454E-8F40-3B5CFACCA88E}"
EndProject
Project("{9A19103F-16F7-4668-BE54-9A1E7A4F7556}") = "MusicShop.AppData", "MusicShop.AppData\MusicShop.AppData.csproj", "{D0AD42C3-6C56-4C34-8151-76BF4321F111}"
EndProject
Project("{9A19103F-16F7-4668-BE54-9A1E7A4F7556}") = "MusicShop.WebApi", "MusicShop.WebApi\MusicShop.WebApi.csproj", "{3E8FB6B8-F3FC-4920-8C2F-669300F4AD6C}"
EndProject
Project("{9A19103F-16F7-4668-BE54-9A1E7A4F7556}") = "MusicShop.Migrator", "MusicShop.Migrator\MusicShop.Migrator.csproj", "{C5EF8F43-C841-4EB0-875D-68B0DB018DB0}"
EndProject
Project("{2150E333-8FDC-42A3-9474-1A3956D46DE8}") = "DataAccess", "DataAccess", "{E6CE0360-EC65-4EA8-B09C-853295D12AAB}"
EndProject
Project("{2150E333-8FDC-42A3-9474-1A3956D46DE8}") = "Registrator", "Registrator", "{F3DBF17A-9F70-47D3-A680-B7B01BEB168C}"
EndProject
Project("{9A19103F-16F7-4668-BE54-9A1E7A4F7556}") = "MusicShop.Infrastructure", "MusicShop.Infrastructure\MusicShop.Infrastructure.csproj", "{C8D6F640-D3FF-4ED9-A09B-E1F33918A804}"
EndProject
Project("{9A19103F-16F7-4668-BE54-9A1E7A4F7556}") = "MusicShop.DataAccess", "MusicShop.DataAccess\MusicShop.DataAccess.csproj", "{44BBDA23-EAFA-4E24-855E-5DBE1BF99A0A}"
EndProject
Project("{9A19103F-16F7-4668-BE54-9A1E7A4F7556}") = "MusicShop.Registrator", "MusicShop.Registrator\MusicShop.Registrator.csproj", "{88F4C8A6-E23A-467E-8D9F-8380C10197BF}"
EndProject
Project("{2150E333-8FDC-42A3-9474-1A3956D46DE8}") = "Tests", "Tests", "{7E9858C6-4E83-4646-819C-829C732C2C46}"
EndProject
Project("{2150E333-8FDC-42A3-9474-1A3956D46DE8}") = "ApiTests", "ApiTests", "{B1DC014F-0399-4C03-B179-BA2456BF12E5}"
EndProject
Project("{9A19103F-16F7-4668-BE54-9A1E7A4F7556}") = "MusicShop.Api.Tests", "MusicShop.Api.Tests\MusicShop.Api.Tests.csproj", "{925904DB-0DF3-4653-991F-8A765435596C}"
EndProject
Project("{2150E333-8FDC-42A3-9474-1A3956D46DE8}") = "Source", "Source", "{62AF69E0-36EA-4904-B1CA-D8255B32ED0B}"
EndProject
Project("{FAE04EC0-301F-11D3-BF4B-00C04F79EFBC}") = "MusicShop.Api.UnitTests", "MusicShop.Api.UnitTests\MusicShop.Api.UnitTests.csproj", "{CCF9EE8D-892C-4506-816B-7B78A21A74D2}"
EndProject
Global
	GlobalSection(SolutionConfigurationPlatforms) = preSolution
		Debug|Any CPU = Debug|Any CPU
		Release|Any CPU = Release|Any CPU
	EndGlobalSection
	GlobalSection(ProjectConfigurationPlatforms) = postSolution
		{B6D19C56-88D7-459A-B161-B165B468C664}.Debug|Any CPU.ActiveCfg = Debug|Any CPU
		{B6D19C56-88D7-459A-B161-B165B468C664}.Debug|Any CPU.Build.0 = Debug|Any CPU
		{B6D19C56-88D7-459A-B161-B165B468C664}.Release|Any CPU.ActiveCfg = Release|Any CPU
		{B6D19C56-88D7-459A-B161-B165B468C664}.Release|Any CPU.Build.0 = Release|Any CPU
		{10922DAB-9C6C-454E-8F40-3B5CFACCA88E}.Debug|Any CPU.ActiveCfg = Debug|Any CPU
		{10922DAB-9C6C-454E-8F40-3B5CFACCA88E}.Debug|Any CPU.Build.0 = Debug|Any CPU
		{10922DAB-9C6C-454E-8F40-3B5CFACCA88E}.Release|Any CPU.ActiveCfg = Release|Any CPU
		{10922DAB-9C6C-454E-8F40-3B5CFACCA88E}.Release|Any CPU.Build.0 = Release|Any CPU
		{D0AD42C3-6C56-4C34-8151-76BF4321F111}.Debug|Any CPU.ActiveCfg = Debug|Any CPU
		{D0AD42C3-6C56-4C34-8151-76BF4321F111}.Debug|Any CPU.Build.0 = Debug|Any CPU
		{D0AD42C3-6C56-4C34-8151-76BF4321F111}.Release|Any CPU.ActiveCfg = Release|Any CPU
		{D0AD42C3-6C56-4C34-8151-76BF4321F111}.Release|Any CPU.Build.0 = Release|Any CPU
		{3E8FB6B8-F3FC-4920-8C2F-669300F4AD6C}.Debug|Any CPU.ActiveCfg = Debug|Any CPU
		{3E8FB6B8-F3FC-4920-8C2F-669300F4AD6C}.Debug|Any CPU.Build.0 = Debug|Any CPU
		{3E8FB6B8-F3FC-4920-8C2F-669300F4AD6C}.Release|Any CPU.ActiveCfg = Release|Any CPU
		{3E8FB6B8-F3FC-4920-8C2F-669300F4AD6C}.Release|Any CPU.Build.0 = Release|Any CPU
		{C5EF8F43-C841-4EB0-875D-68B0DB018DB0}.Debug|Any CPU.ActiveCfg = Debug|Any CPU
		{C5EF8F43-C841-4EB0-875D-68B0DB018DB0}.Debug|Any CPU.Build.0 = Debug|Any CPU
		{C5EF8F43-C841-4EB0-875D-68B0DB018DB0}.Release|Any CPU.ActiveCfg = Release|Any CPU
		{C5EF8F43-C841-4EB0-875D-68B0DB018DB0}.Release|Any CPU.Build.0 = Release|Any CPU
		{C8D6F640-D3FF-4ED9-A09B-E1F33918A804}.Debug|Any CPU.ActiveCfg = Debug|Any CPU
		{C8D6F640-D3FF-4ED9-A09B-E1F33918A804}.Debug|Any CPU.Build.0 = Debug|Any CPU
		{C8D6F640-D3FF-4ED9-A09B-E1F33918A804}.Release|Any CPU.ActiveCfg = Release|Any CPU
		{C8D6F640-D3FF-4ED9-A09B-E1F33918A804}.Release|Any CPU.Build.0 = Release|Any CPU
		{44BBDA23-EAFA-4E24-855E-5DBE1BF99A0A}.Debug|Any CPU.ActiveCfg = Debug|Any CPU
		{44BBDA23-EAFA-4E24-855E-5DBE1BF99A0A}.Debug|Any CPU.Build.0 = Debug|Any CPU
		{44BBDA23-EAFA-4E24-855E-5DBE1BF99A0A}.Release|Any CPU.ActiveCfg = Release|Any CPU
		{44BBDA23-EAFA-4E24-855E-5DBE1BF99A0A}.Release|Any CPU.Build.0 = Release|Any CPU
		{88F4C8A6-E23A-467E-8D9F-8380C10197BF}.Debug|Any CPU.ActiveCfg = Debug|Any CPU
		{88F4C8A6-E23A-467E-8D9F-8380C10197BF}.Debug|Any CPU.Build.0 = Debug|Any CPU
		{88F4C8A6-E23A-467E-8D9F-8380C10197BF}.Release|Any CPU.ActiveCfg = Release|Any CPU
		{88F4C8A6-E23A-467E-8D9F-8380C10197BF}.Release|Any CPU.Build.0 = Release|Any CPU
		{925904DB-0DF3-4653-991F-8A765435596C}.Debug|Any CPU.ActiveCfg = Debug|Any CPU
		{925904DB-0DF3-4653-991F-8A765435596C}.Debug|Any CPU.Build.0 = Debug|Any CPU
		{925904DB-0DF3-4653-991F-8A765435596C}.Release|Any CPU.ActiveCfg = Release|Any CPU
		{925904DB-0DF3-4653-991F-8A765435596C}.Release|Any CPU.Build.0 = Release|Any CPU
		{CCF9EE8D-892C-4506-816B-7B78A21A74D2}.Debug|Any CPU.ActiveCfg = Debug|Any CPU
		{CCF9EE8D-892C-4506-816B-7B78A21A74D2}.Debug|Any CPU.Build.0 = Debug|Any CPU
		{CCF9EE8D-892C-4506-816B-7B78A21A74D2}.Release|Any CPU.ActiveCfg = Release|Any CPU
		{CCF9EE8D-892C-4506-816B-7B78A21A74D2}.Release|Any CPU.Build.0 = Release|Any CPU
	EndGlobalSection
	GlobalSection(SolutionProperties) = preSolution
		HideSolutionNode = FALSE
	EndGlobalSection
	GlobalSection(NestedProjects) = preSolution
		{0689EA07-9C19-46A4-9C58-22D9B436B52E} = {62AF69E0-36EA-4904-B1CA-D8255B32ED0B}
		{A646C4FD-FC30-4E02-9CC0-AFEDD5A57B4B} = {62AF69E0-36EA-4904-B1CA-D8255B32ED0B}
		{E54BFEB8-F35F-45B0-A042-CBE2FA87FC76} = {62AF69E0-36EA-4904-B1CA-D8255B32ED0B}
		{0FD6FF67-814A-4AF8-BAC6-88C59DE52735} = {62AF69E0-36EA-4904-B1CA-D8255B32ED0B}
		{DA9406CC-1603-4211-8FFE-ED067D859AE8} = {62AF69E0-36EA-4904-B1CA-D8255B32ED0B}
		{8EC61184-35BF-4C5C-97A9-58706C442F18} = {DA9406CC-1603-4211-8FFE-ED067D859AE8}
		{FEC53C3B-FBB5-4971-AB9D-368689AAEDB3} = {DA9406CC-1603-4211-8FFE-ED067D859AE8}
		{B6D19C56-88D7-459A-B161-B165B468C664} = {E54BFEB8-F35F-45B0-A042-CBE2FA87FC76}
		{10922DAB-9C6C-454E-8F40-3B5CFACCA88E} = {A646C4FD-FC30-4E02-9CC0-AFEDD5A57B4B}
		{D0AD42C3-6C56-4C34-8151-76BF4321F111} = {0689EA07-9C19-46A4-9C58-22D9B436B52E}
		{3E8FB6B8-F3FC-4920-8C2F-669300F4AD6C} = {8EC61184-35BF-4C5C-97A9-58706C442F18}
		{C5EF8F43-C841-4EB0-875D-68B0DB018DB0} = {FEC53C3B-FBB5-4971-AB9D-368689AAEDB3}
		{E6CE0360-EC65-4EA8-B09C-853295D12AAB} = {0FD6FF67-814A-4AF8-BAC6-88C59DE52735}
		{F3DBF17A-9F70-47D3-A680-B7B01BEB168C} = {0FD6FF67-814A-4AF8-BAC6-88C59DE52735}
		{C8D6F640-D3FF-4ED9-A09B-E1F33918A804} = {0FD6FF67-814A-4AF8-BAC6-88C59DE52735}
		{44BBDA23-EAFA-4E24-855E-5DBE1BF99A0A} = {E6CE0360-EC65-4EA8-B09C-853295D12AAB}
		{88F4C8A6-E23A-467E-8D9F-8380C10197BF} = {F3DBF17A-9F70-47D3-A680-B7B01BEB168C}
		{B1DC014F-0399-4C03-B179-BA2456BF12E5} = {7E9858C6-4E83-4646-819C-829C732C2C46}
		{925904DB-0DF3-4653-991F-8A765435596C} = {B1DC014F-0399-4C03-B179-BA2456BF12E5}
		{CCF9EE8D-892C-4506-816B-7B78A21A74D2} = {B1DC014F-0399-4C03-B179-BA2456BF12E5}
	EndGlobalSection
	GlobalSection(ExtensibilityGlobals) = postSolution
		SolutionGuid = {F3F3569A-FCCD-4FF4-8E1D-AC405622ED64}
	EndGlobalSection
EndGlobal
